// !$*UTF8*$!
{
	archiveVersion = 1;
	classes = {
	};
	objectVersion = 55;
	objects = {

/* Begin PBXBuildFile section */
		77BC8552282047EA00E3A2A6 /* AppDelegate.swift in Sources */ = {isa = PBXBuildFile; fileRef = 77BC8551282047EA00E3A2A6 /* AppDelegate.swift */; };
		77BC8554282047EA00E3A2A6 /* SceneDelegate.swift in Sources */ = {isa = PBXBuildFile; fileRef = 77BC8553282047EA00E3A2A6 /* SceneDelegate.swift */; };
		77BC8556282047EA00E3A2A6 /* ViewController.swift in Sources */ = {isa = PBXBuildFile; fileRef = 77BC8555282047EA00E3A2A6 /* ViewController.swift */; };
		77BC855B282047EB00E3A2A6 /* Assets.xcassets in Resources */ = {isa = PBXBuildFile; fileRef = 77BC855A282047EB00E3A2A6 /* Assets.xcassets */; };
		77BC855E282047EB00E3A2A6 /* LaunchScreen.storyboard in Resources */ = {isa = PBXBuildFile; fileRef = 77BC855C282047EB00E3A2A6 /* LaunchScreen.storyboard */; };
		77BC856728204FEF00E3A2A6 /* ReviewModel.swift in Sources */ = {isa = PBXBuildFile; fileRef = 77BC856628204FEF00E3A2A6 /* ReviewModel.swift */; };
		77BC856A2820510500E3A2A6 /* TourViewController.swift in Sources */ = {isa = PBXBuildFile; fileRef = 77BC85692820510500E3A2A6 /* TourViewController.swift */; };
		77BC856E282056CD00E3A2A6 /* SlidersReviewViewController.swift in Sources */ = {isa = PBXBuildFile; fileRef = 77BC856D282056CD00E3A2A6 /* SlidersReviewViewController.swift */; };
		77BC857128205E2C00E3A2A6 /* SliderAndSmileView.swift in Sources */ = {isa = PBXBuildFile; fileRef = 77BC857028205E2C00E3A2A6 /* SliderAndSmileView.swift */; };
		B1D6E6B8AF26F62D5D0928B9 /* Pods_reviewer.framework in Frameworks */ = {isa = PBXBuildFile; fileRef = 1438A2E23E7BE8CA045FFE49 /* Pods_reviewer.framework */; };
/* End PBXBuildFile section */

/* Begin PBXFileReference section */
		10D7A81DDEF625B0AE06DBB2 /* Pods-reviewer.debug.xcconfig */ = {isa = PBXFileReference; includeInIndex = 1; lastKnownFileType = text.xcconfig; name = "Pods-reviewer.debug.xcconfig"; path = "Target Support Files/Pods-reviewer/Pods-reviewer.debug.xcconfig"; sourceTree = "<group>"; };
		1438A2E23E7BE8CA045FFE49 /* Pods_reviewer.framework */ = {isa = PBXFileReference; explicitFileType = wrapper.framework; includeInIndex = 0; path = Pods_reviewer.framework; sourceTree = BUILT_PRODUCTS_DIR; };
		77BC854E282047EA00E3A2A6 /* reviewer.app */ = {isa = PBXFileReference; explicitFileType = wrapper.application; includeInIndex = 0; path = reviewer.app; sourceTree = BUILT_PRODUCTS_DIR; };
		77BC8551282047EA00E3A2A6 /* AppDelegate.swift */ = {isa = PBXFileReference; lastKnownFileType = sourcecode.swift; path = AppDelegate.swift; sourceTree = "<group>"; };
		77BC8553282047EA00E3A2A6 /* SceneDelegate.swift */ = {isa = PBXFileReference; lastKnownFileType = sourcecode.swift; path = SceneDelegate.swift; sourceTree = "<group>"; };
		77BC8555282047EA00E3A2A6 /* ViewController.swift */ = {isa = PBXFileReference; lastKnownFileType = sourcecode.swift; path = ViewController.swift; sourceTree = "<group>"; };
		77BC855A282047EB00E3A2A6 /* Assets.xcassets */ = {isa = PBXFileReference; lastKnownFileType = folder.assetcatalog; path = Assets.xcassets; sourceTree = "<group>"; };
		77BC855D282047EB00E3A2A6 /* Base */ = {isa = PBXFileReference; lastKnownFileType = file.storyboard; name = Base; path = Base.lproj/LaunchScreen.storyboard; sourceTree = "<group>"; };
		77BC855F282047EB00E3A2A6 /* Info.plist */ = {isa = PBXFileReference; lastKnownFileType = text.plist.xml; path = Info.plist; sourceTree = "<group>"; };
		77BC856628204FEF00E3A2A6 /* ReviewModel.swift */ = {isa = PBXFileReference; lastKnownFileType = sourcecode.swift; path = ReviewModel.swift; sourceTree = "<group>"; };
		77BC85692820510500E3A2A6 /* TourViewController.swift */ = {isa = PBXFileReference; lastKnownFileType = sourcecode.swift; path = TourViewController.swift; sourceTree = "<group>"; };
		77BC856D282056CD00E3A2A6 /* SlidersReviewViewController.swift */ = {isa = PBXFileReference; lastKnownFileType = sourcecode.swift; path = SlidersReviewViewController.swift; sourceTree = "<group>"; };
		77BC857028205E2C00E3A2A6 /* SliderAndSmileView.swift */ = {isa = PBXFileReference; lastKnownFileType = sourcecode.swift; path = SliderAndSmileView.swift; sourceTree = "<group>"; };
		DE73EEC31654DBC85AFC1E8F /* Pods-reviewer.release.xcconfig */ = {isa = PBXFileReference; includeInIndex = 1; lastKnownFileType = text.xcconfig; name = "Pods-reviewer.release.xcconfig"; path = "Target Support Files/Pods-reviewer/Pods-reviewer.release.xcconfig"; sourceTree = "<group>"; };
/* End PBXFileReference section */

/* Begin PBXFrameworksBuildPhase section */
		77BC854B282047EA00E3A2A6 /* Frameworks */ = {
			isa = PBXFrameworksBuildPhase;
			buildActionMask = 2147483647;
			files = (
				B1D6E6B8AF26F62D5D0928B9 /* Pods_reviewer.framework in Frameworks */,
			);
			runOnlyForDeploymentPostprocessing = 0;
		};
/* End PBXFrameworksBuildPhase section */

/* Begin PBXGroup section */
		77BC8545282047EA00E3A2A6 = {
			isa = PBXGroup;
			children = (
				77BC8550282047EA00E3A2A6 /* reviewer */,
				77BC854F282047EA00E3A2A6 /* Products */,
				9811FCAC48B9B358EE50AFB5 /* Pods */,
				9993EED75E0A8996C51D1963 /* Frameworks */,
			);
			sourceTree = "<group>";
		};
		77BC854F282047EA00E3A2A6 /* Products */ = {
			isa = PBXGroup;
			children = (
				77BC854E282047EA00E3A2A6 /* reviewer.app */,
			);
			name = Products;
			sourceTree = "<group>";
		};
		77BC8550282047EA00E3A2A6 /* reviewer */ = {
			isa = PBXGroup;
			children = (
				77BC8568282050F300E3A2A6 /* Modules */,
				77BC8565282048D200E3A2A6 /* Model */,
				77BC8551282047EA00E3A2A6 /* AppDelegate.swift */,
				77BC8553282047EA00E3A2A6 /* SceneDelegate.swift */,
				77BC8555282047EA00E3A2A6 /* ViewController.swift */,
				77BC855A282047EB00E3A2A6 /* Assets.xcassets */,
				77BC855C282047EB00E3A2A6 /* LaunchScreen.storyboard */,
				77BC855F282047EB00E3A2A6 /* Info.plist */,
			);
			path = reviewer;
			sourceTree = "<group>";
		};
		77BC8565282048D200E3A2A6 /* Model */ = {
			isa = PBXGroup;
			children = (
				77BC856628204FEF00E3A2A6 /* ReviewModel.swift */,
			);
			path = Model;
			sourceTree = "<group>";
		};
		77BC8568282050F300E3A2A6 /* Modules */ = {
			isa = PBXGroup;
			children = (
				77BC856C2820569900E3A2A6 /* Reviews */,
				77BC856B2820568A00E3A2A6 /* Tours */,
			);
			path = Modules;
			sourceTree = "<group>";
		};
		77BC856B2820568A00E3A2A6 /* Tours */ = {
			isa = PBXGroup;
			children = (
				77BC85692820510500E3A2A6 /* TourViewController.swift */,
			);
			path = Tours;
			sourceTree = "<group>";
		};
		77BC856C2820569900E3A2A6 /* Reviews */ = {
			isa = PBXGroup;
			children = (
				77BC856F28205E1600E3A2A6 /* View */,
				77BC856D282056CD00E3A2A6 /* SlidersReviewViewController.swift */,
			);
			path = Reviews;
			sourceTree = "<group>";
		};
		77BC856F28205E1600E3A2A6 /* View */ = {
			isa = PBXGroup;
			children = (
				77BC857028205E2C00E3A2A6 /* SliderAndSmileView.swift */,
			);
			path = View;
			sourceTree = "<group>";
		};
		9811FCAC48B9B358EE50AFB5 /* Pods */ = {
			isa = PBXGroup;
			children = (
				10D7A81DDEF625B0AE06DBB2 /* Pods-reviewer.debug.xcconfig */,
				DE73EEC31654DBC85AFC1E8F /* Pods-reviewer.release.xcconfig */,
			);
			path = Pods;
			sourceTree = "<group>";
		};
		9993EED75E0A8996C51D1963 /* Frameworks */ = {
			isa = PBXGroup;
			children = (
				1438A2E23E7BE8CA045FFE49 /* Pods_reviewer.framework */,
			);
			name = Frameworks;
			sourceTree = "<group>";
		};
/* End PBXGroup section */

/* Begin PBXNativeTarget section */
		77BC854D282047EA00E3A2A6 /* reviewer */ = {
			isa = PBXNativeTarget;
			buildConfigurationList = 77BC8562282047EB00E3A2A6 /* Build configuration list for PBXNativeTarget "reviewer" */;
			buildPhases = (
				88FAD25C990B39660BFC2C09 /* [CP] Check Pods Manifest.lock */,
				77BC854A282047EA00E3A2A6 /* Sources */,
				77BC854B282047EA00E3A2A6 /* Frameworks */,
				77BC854C282047EA00E3A2A6 /* Resources */,
				7B6FCC3D51CD9406EB7A9C91 /* [CP] Embed Pods Frameworks */,
			);
			buildRules = (
			);
			dependencies = (
			);
			name = reviewer;
			productName = reviewer;
			productReference = 77BC854E282047EA00E3A2A6 /* reviewer.app */;
			productType = "com.apple.product-type.application";
		};
/* End PBXNativeTarget section */

/* Begin PBXProject section */
		77BC8546282047EA00E3A2A6 /* Project object */ = {
			isa = PBXProject;
			attributes = {
				BuildIndependentTargetsInParallel = 1;
				LastSwiftUpdateCheck = 1330;
				LastUpgradeCheck = 1330;
				TargetAttributes = {
					77BC854D282047EA00E3A2A6 = {
						CreatedOnToolsVersion = 13.3;
					};
				};
			};
			buildConfigurationList = 77BC8549282047EA00E3A2A6 /* Build configuration list for PBXProject "reviewer" */;
			compatibilityVersion = "Xcode 13.0";
			developmentRegion = en;
			hasScannedForEncodings = 0;
			knownRegions = (
				en,
				Base,
			);
			mainGroup = 77BC8545282047EA00E3A2A6;
			productRefGroup = 77BC854F282047EA00E3A2A6 /* Products */;
			projectDirPath = "";
			projectRoot = "";
			targets = (
				77BC854D282047EA00E3A2A6 /* reviewer */,
			);
		};
/* End PBXProject section */

/* Begin PBXResourcesBuildPhase section */
		77BC854C282047EA00E3A2A6 /* Resources */ = {
			isa = PBXResourcesBuildPhase;
			buildActionMask = 2147483647;
			files = (
				77BC855E282047EB00E3A2A6 /* LaunchScreen.storyboard in Resources */,
				77BC855B282047EB00E3A2A6 /* Assets.xcassets in Resources */,
			);
			runOnlyForDeploymentPostprocessing = 0;
		};
/* End PBXResourcesBuildPhase section */

/* Begin PBXShellScriptBuildPhase section */
		7B6FCC3D51CD9406EB7A9C91 /* [CP] Embed Pods Frameworks */ = {
			isa = PBXShellScriptBuildPhase;
			buildActionMask = 2147483647;
			files = (
			);
			inputFileListPaths = (
				"${PODS_ROOT}/Target Support Files/Pods-reviewer/Pods-reviewer-frameworks-${CONFIGURATION}-input-files.xcfilelist",
			);
			name = "[CP] Embed Pods Frameworks";
			outputFileListPaths = (
				"${PODS_ROOT}/Target Support Files/Pods-reviewer/Pods-reviewer-frameworks-${CONFIGURATION}-output-files.xcfilelist",
			);
			runOnlyForDeploymentPostprocessing = 0;
			shellPath = /bin/sh;
			shellScript = "\"${PODS_ROOT}/Target Support Files/Pods-reviewer/Pods-reviewer-frameworks.sh\"\n";
			showEnvVarsInLog = 0;
		};
		88FAD25C990B39660BFC2C09 /* [CP] Check Pods Manifest.lock */ = {
			isa = PBXShellScriptBuildPhase;
			buildActionMask = 2147483647;
			files = (
			);
			inputFileListPaths = (
			);
			inputPaths = (
				"${PODS_PODFILE_DIR_PATH}/Podfile.lock",
				"${PODS_ROOT}/Manifest.lock",
			);
			name = "[CP] Check Pods Manifest.lock";
			outputFileListPaths = (
			);
			outputPaths = (
				"$(DERIVED_FILE_DIR)/Pods-reviewer-checkManifestLockResult.txt",
			);
			runOnlyForDeploymentPostprocessing = 0;
			shellPath = /bin/sh;
			shellScript = "diff \"${PODS_PODFILE_DIR_PATH}/Podfile.lock\" \"${PODS_ROOT}/Manifest.lock\" > /dev/null\nif [ $? != 0 ] ; then\n    # print error to STDERR\n    echo \"error: The sandbox is not in sync with the Podfile.lock. Run 'pod install' or update your CocoaPods installation.\" >&2\n    exit 1\nfi\n# This output is used by Xcode 'outputs' to avoid re-running this script phase.\necho \"SUCCESS\" > \"${SCRIPT_OUTPUT_FILE_0}\"\n";
			showEnvVarsInLog = 0;
		};
/* End PBXShellScriptBuildPhase section */

/* Begin PBXSourcesBuildPhase section */
		77BC854A282047EA00E3A2A6 /* Sources */ = {
			isa = PBXSourcesBuildPhase;
			buildActionMask = 2147483647;
			files = (
				77BC856A2820510500E3A2A6 /* TourViewController.swift in Sources */,
				77BC856E282056CD00E3A2A6 /* SlidersReviewViewController.swift in Sources */,
				77BC8556282047EA00E3A2A6 /* ViewController.swift in Sources */,
				77BC8552282047EA00E3A2A6 /* AppDelegate.swift in Sources */,
				77BC8554282047EA00E3A2A6 /* SceneDelegate.swift in Sources */,
				77BC856728204FEF00E3A2A6 /* ReviewModel.swift in Sources */,
				77BC857128205E2C00E3A2A6 /* SliderAndSmileView.swift in Sources */,
			);
			runOnlyForDeploymentPostprocessing = 0;
		};
/* End PBXSourcesBuildPhase section */

/* Begin PBXVariantGroup section */
		77BC855C282047EB00E3A2A6 /* LaunchScreen.storyboard */ = {
			isa = PBXVariantGroup;
			children = (
				77BC855D282047EB00E3A2A6 /* Base */,
			);
			name = LaunchScreen.storyboard;
			sourceTree = "<group>";
		};
/* End PBXVariantGroup section */

/* Begin XCBuildConfiguration section */
		77BC8560282047EB00E3A2A6 /* Debug */ = {
			isa = XCBuildConfiguration;
			buildSettings = {
				ALWAYS_SEARCH_USER_PATHS = NO;
				CLANG_ANALYZER_NONNULL = YES;
				CLANG_ANALYZER_NUMBER_OBJECT_CONVERSION = YES_AGGRESSIVE;
				CLANG_CXX_LANGUAGE_STANDARD = "gnu++17";
				CLANG_ENABLE_MODULES = YES;
				CLANG_ENABLE_OBJC_ARC = YES;
				CLANG_ENABLE_OBJC_WEAK = YES;
				CLANG_WARN_BLOCK_CAPTURE_AUTORELEASING = YES;
				CLANG_WARN_BOOL_CONVERSION = YES;
				CLANG_WARN_COMMA = YES;
				CLANG_WARN_CONSTANT_CONVERSION = YES;
				CLANG_WARN_DEPRECATED_OBJC_IMPLEMENTATIONS = YES;
				CLANG_WARN_DIRECT_OBJC_ISA_USAGE = YES_ERROR;
				CLANG_WARN_DOCUMENTATION_COMMENTS = YES;
				CLANG_WARN_EMPTY_BODY = YES;
				CLANG_WARN_ENUM_CONVERSION = YES;
				CLANG_WARN_INFINITE_RECURSION = YES;
				CLANG_WARN_INT_CONVERSION = YES;
				CLANG_WARN_NON_LITERAL_NULL_CONVERSION = YES;
				CLANG_WARN_OBJC_IMPLICIT_RETAIN_SELF = YES;
				CLANG_WARN_OBJC_LITERAL_CONVERSION = YES;
				CLANG_WARN_OBJC_ROOT_CLASS = YES_ERROR;
				CLANG_WARN_QUOTED_INCLUDE_IN_FRAMEWORK_HEADER = YES;
				CLANG_WARN_RANGE_LOOP_ANALYSIS = YES;
				CLANG_WARN_STRICT_PROTOTYPES = YES;
				CLANG_WARN_SUSPICIOUS_MOVE = YES;
				CLANG_WARN_UNGUARDED_AVAILABILITY = YES_AGGRESSIVE;
				CLANG_WARN_UNREACHABLE_CODE = YES;
				CLANG_WARN__DUPLICATE_METHOD_MATCH = YES;
				COPY_PHASE_STRIP = NO;
				DEBUG_INFORMATION_FORMAT = dwarf;
				ENABLE_STRICT_OBJC_MSGSEND = YES;
				ENABLE_TESTABILITY = YES;
				GCC_C_LANGUAGE_STANDARD = gnu11;
				GCC_DYNAMIC_NO_PIC = NO;
				GCC_NO_COMMON_BLOCKS = YES;
				GCC_OPTIMIZATION_LEVEL = 0;
				GCC_PREPROCESSOR_DEFINITIONS = (
					"DEBUG=1",
					"$(inherited)",
				);
				GCC_WARN_64_TO_32_BIT_CONVERSION = YES;
				GCC_WARN_ABOUT_RETURN_TYPE = YES_ERROR;
				GCC_WARN_UNDECLARED_SELECTOR = YES;
				GCC_WARN_UNINITIALIZED_AUTOS = YES_AGGRESSIVE;
				GCC_WARN_UNUSED_FUNCTION = YES;
				GCC_WARN_UNUSED_VARIABLE = YES;
				IPHONEOS_DEPLOYMENT_TARGET = 15.4;
				MTL_ENABLE_DEBUG_INFO = INCLUDE_SOURCE;
				MTL_FAST_MATH = YES;
				ONLY_ACTIVE_ARCH = YES;
				SDKROOT = iphoneos;
				SWIFT_ACTIVE_COMPILATION_CONDITIONS = DEBUG;
				SWIFT_OPTIMIZATION_LEVEL = "-Onone";
			};
			name = Debug;
		};
		77BC8561282047EB00E3A2A6 /* Release */ = {
			isa = XCBuildConfiguration;
			buildSettings = {
				ALWAYS_SEARCH_USER_PATHS = NO;
				CLANG_ANALYZER_NONNULL = YES;
				CLANG_ANALYZER_NUMBER_OBJECT_CONVERSION = YES_AGGRESSIVE;
				CLANG_CXX_LANGUAGE_STANDARD = "gnu++17";
				CLANG_ENABLE_MODULES = YES;
				CLANG_ENABLE_OBJC_ARC = YES;
				CLANG_ENABLE_OBJC_WEAK = YES;
				CLANG_WARN_BLOCK_CAPTURE_AUTORELEASING = YES;
				CLANG_WARN_BOOL_CONVERSION = YES;
				CLANG_WARN_COMMA = YES;
				CLANG_WARN_CONSTANT_CONVERSION = YES;
				CLANG_WARN_DEPRECATED_OBJC_IMPLEMENTATIONS = YES;
				CLANG_WARN_DIRECT_OBJC_ISA_USAGE = YES_ERROR;
				CLANG_WARN_DOCUMENTATION_COMMENTS = YES;
				CLANG_WARN_EMPTY_BODY = YES;
				CLANG_WARN_ENUM_CONVERSION = YES;
				CLANG_WARN_INFINITE_RECURSION = YES;
				CLANG_WARN_INT_CONVERSION = YES;
				CLANG_WARN_NON_LITERAL_NULL_CONVERSION = YES;
				CLANG_WARN_OBJC_IMPLICIT_RETAIN_SELF = YES;
				CLANG_WARN_OBJC_LITERAL_CONVERSION = YES;
				CLANG_WARN_OBJC_ROOT_CLASS = YES_ERROR;
				CLANG_WARN_QUOTED_INCLUDE_IN_FRAMEWORK_HEADER = YES;
				CLANG_WARN_RANGE_LOOP_ANALYSIS = YES;
				CLANG_WARN_STRICT_PROTOTYPES = YES;
				CLANG_WARN_SUSPICIOUS_MOVE = YES;
				CLANG_WARN_UNGUARDED_AVAILABILITY = YES_AGGRESSIVE;
				CLANG_WARN_UNREACHABLE_CODE = YES;
				CLANG_WARN__DUPLICATE_METHOD_MATCH = YES;
				COPY_PHASE_STRIP = NO;
				DEBUG_INFORMATION_FORMAT = "dwarf-with-dsym";
				ENABLE_NS_ASSERTIONS = NO;
				ENABLE_STRICT_OBJC_MSGSEND = YES;
				GCC_C_LANGUAGE_STANDARD = gnu11;
				GCC_NO_COMMON_BLOCKS = YES;
				GCC_WARN_64_TO_32_BIT_CONVERSION = YES;
				GCC_WARN_ABOUT_RETURN_TYPE = YES_ERROR;
				GCC_WARN_UNDECLARED_SELECTOR = YES;
				GCC_WARN_UNINITIALIZED_AUTOS = YES_AGGRESSIVE;
				GCC_WARN_UNUSED_FUNCTION = YES;
				GCC_WARN_UNUSED_VARIABLE = YES;
				IPHONEOS_DEPLOYMENT_TARGET = 15.4;
				MTL_ENABLE_DEBUG_INFO = NO;
				MTL_FAST_MATH = YES;
				SDKROOT = iphoneos;
				SWIFT_COMPILATION_MODE = wholemodule;
				SWIFT_OPTIMIZATION_LEVEL = "-O";
				VALIDATE_PRODUCT = YES;
			};
			name = Release;
		};
		77BC8563282047EB00E3A2A6 /* Debug */ = {
			isa = XCBuildConfiguration;
			baseConfigurationReference = 10D7A81DDEF625B0AE06DBB2 /* Pods-reviewer.debug.xcconfig */;
			buildSettings = {
				ASSETCATALOG_COMPILER_APPICON_NAME = AppIcon;
				ASSETCATALOG_COMPILER_GLOBAL_ACCENT_COLOR_NAME = AccentColor;
				CODE_SIGN_STYLE = Automatic;
				CURRENT_PROJECT_VERSION = 1;
				GENERATE_INFOPLIST_FILE = YES;
				INFOPLIST_FILE = reviewer/Info.plist;
				INFOPLIST_KEY_UIApplicationSupportsIndirectInputEvents = YES;
				INFOPLIST_KEY_UILaunchStoryboardName = LaunchScreen;
				INFOPLIST_KEY_UISupportedInterfaceOrientations_iPad = "UIInterfaceOrientationPortrait UIInterfaceOrientationPortraitUpsideDown UIInterfaceOrientationLandscapeLeft UIInterfaceOrientationLandscapeRight";
				INFOPLIST_KEY_UISupportedInterfaceOrientations_iPhone = "UIInterfaceOrientationPortrait UIInterfaceOrientationLandscapeLeft UIInterfaceOrientationLandscapeRight";
				LD_RUNPATH_SEARCH_PATHS = (
					"$(inherited)",
					"@executable_path/Frameworks",
				);
				MARKETING_VERSION = 1.0;
				PRODUCT_BUNDLE_IDENTIFIER = TestOrgID.reviewer;
				PRODUCT_NAME = "$(TARGET_NAME)";
				SWIFT_EMIT_LOC_STRINGS = YES;
				SWIFT_VERSION = 5.0;
				TARGETED_DEVICE_FAMILY = "1,2";
			};
			name = Debug;
		};
		77BC8564282047EB00E3A2A6 /* Release */ = {
			isa = XCBuildConfiguration;
			baseConfigurationReference = DE73EEC31654DBC85AFC1E8F /* Pods-reviewer.release.xcconfig */;
			buildSettings = {
				ASSETCATALOG_COMPILER_APPICON_NAME = AppIcon;
				ASSETCATALOG_COMPILER_GLOBAL_ACCENT_COLOR_NAME = AccentColor;
				CODE_SIGN_STYLE = Automatic;
				CURRENT_PROJECT_VERSION = 1;
				GENERATE_INFOPLIST_FILE = YES;
				INFOPLIST_FILE = reviewer/Info.plist;
				INFOPLIST_KEY_UIApplicationSupportsIndirectInputEvents = YES;
				INFOPLIST_KEY_UILaunchStoryboardName = LaunchScreen;
				INFOPLIST_KEY_UISupportedInterfaceOrientations_iPad = "UIInterfaceOrientationPortrait UIInterfaceOrientationPortraitUpsideDown UIInterfaceOrientationLandscapeLeft UIInterfaceOrientationLandscapeRight";
				INFOPLIST_KEY_UISupportedInterfaceOrientations_iPhone = "UIInterfaceOrientationPortrait UIInterfaceOrientationLandscapeLeft UIInterfaceOrientationLandscapeRight";
				LD_RUNPATH_SEARCH_PATHS = (
					"$(inherited)",
					"@executable_path/Frameworks",
				);
				MARKETING_VERSION = 1.0;
				PRODUCT_BUNDLE_IDENTIFIER = TestOrgID.reviewer;
				PRODUCT_NAME = "$(TARGET_NAME)";
				SWIFT_EMIT_LOC_STRINGS = YES;
				SWIFT_VERSION = 5.0;
				TARGETED_DEVICE_FAMILY = "1,2";
			};
			name = Release;
		};
/* End XCBuildConfiguration section */

/* Begin XCConfigurationList section */
		77BC8549282047EA00E3A2A6 /* Build configuration list for PBXProject "reviewer" */ = {
			isa = XCConfigurationList;
			buildConfigurations = (
				77BC8560282047EB00E3A2A6 /* Debug */,
				77BC8561282047EB00E3A2A6 /* Release */,
			);
			defaultConfigurationIsVisible = 0;
			defaultConfigurationName = Release;
		};
		77BC8562282047EB00E3A2A6 /* Build configuration list for PBXNativeTarget "reviewer" */ = {
			isa = XCConfigurationList;
			buildConfigurations = (
				77BC8563282047EB00E3A2A6 /* Debug */,
				77BC8564282047EB00E3A2A6 /* Release */,
			);
			defaultConfigurationIsVisible = 0;
			defaultConfigurationName = Release;
		};
/* End XCConfigurationList section */
	};
	rootObject = 77BC8546282047EA00E3A2A6 /* Project object */;
}
